{
  "pins" : [
    {
      "identity" : "combinenetworkoperationpackage",
      "kind" : "remoteSourceControl",
      "location" : "https://github.com/darkbringer1/CombineNetworkOperationPackage.git",
      "state" : {
        "revision" : "c5204c3c31e59c2871c9b99ab3ef831a6281f178",
        "version" : "0.1.2"
      }
    }
  ],
  "version" : 2
}
